
Microsoft Visual Studio Solution File, Format Version 12.00
# Visual Studio Version 17
VisualStudioVersion = 17.14.36616.10 d17.14
MinimumVisualStudioVersion = 10.0.40219.1
Project("{FAE04EC0-301F-11D3-BF4B-00C04F79EFBC}") = "TYB.API", "TYB.API.csproj", "{BE0029EB-BF61-40C4-94B3-4309DC1EDFB8}"
EndProject
Global
	GlobalSection(SolutionConfigurationPlatforms) = preSolution
		Debug|Any CPU = Debug|Any CPU
		Release|Any CPU = Release|Any CPU
	EndGlobalSection
	GlobalSection(ProjectConfigurationPlatforms) = postSolution
		{BE0029EB-BF61-40C4-94B3-4309DC1EDFB8}.Debug|Any CPU.ActiveCfg = Debug|Any CPU
		{BE0029EB-BF61-40C4-94B3-4309DC1EDFB8}.Debug|Any CPU.Build.0 = Debug|Any CPU
		{BE0029EB-BF61-40C4-94B3-4309DC1EDFB8}.Release|Any CPU.ActiveCfg = Release|Any CPU
		{BE0029EB-BF61-40C4-94B3-4309DC1EDFB8}.Release|Any CPU.Build.0 = Release|Any CPU
	EndGlobalSection
	GlobalSection(SolutionProperties) = preSolution
		HideSolutionNode = FALSE
	EndGlobalSection
	GlobalSection(ExtensibilityGlobals) = postSolution
		SolutionGuid = {CF1BAEBD-B040-49A4-9DCC-97588C3F154D}
	EndGlobalSection
EndGlobal
